
Microsoft Visual Studio Solution File, Format Version 12.00
# Visual Studio Version 17
VisualStudioVersion = 17.0.32126.317
MinimumVisualStudioVersion = 10.0.40219.1
Project("{9A19103F-16F7-4668-BE54-9A1E7A4F7556}") = "SumOfMultiple", "SumOfMultiple\SumOfMultiple.csproj", "{3436A7A0-F6EA-4643-BC66-7DA3F01ECE87}"
EndProject
Project("{9A19103F-16F7-4668-BE54-9A1E7A4F7556}") = "SequenceAnalysis", "SequenceAnalysis\SequenceAnalysis.csproj", "{9C0400B8-2C23-4402-BB6F-56B64478FFC9}"
EndProject
Project("{9A19103F-16F7-4668-BE54-9A1E7A4F7556}") = "TestProjectforLibrary", "TestProjectforLibrary\TestProjectforLibrary.csproj", "{D801DF75-A2EC-4D65-9329-A3452D4FA155}"
EndProject
Project("{9A19103F-16F7-4668-BE54-9A1E7A4F7556}") = "IsDivisibleCheck", "IsDivisibleCheck\IsDivisibleCheck.csproj", "{B41DC957-AA9C-45AC-965D-89E105322C95}"
EndProject
Project("{9A19103F-16F7-4668-BE54-9A1E7A4F7556}") = "ClassLibrarySolution", "ClassLibrarySolution\ClassLibrarySolution.csproj", "{BC1744E3-9CF9-44DA-999D-603DC990072E}"
EndProject
Global
	GlobalSection(SolutionConfigurationPlatforms) = preSolution
		Debug|Any CPU = Debug|Any CPU
		Release|Any CPU = Release|Any CPU
	EndGlobalSection
	GlobalSection(ProjectConfigurationPlatforms) = postSolution
		{3436A7A0-F6EA-4643-BC66-7DA3F01ECE87}.Debug|Any CPU.ActiveCfg = Debug|Any CPU
		{3436A7A0-F6EA-4643-BC66-7DA3F01ECE87}.Debug|Any CPU.Build.0 = Debug|Any CPU
		{3436A7A0-F6EA-4643-BC66-7DA3F01ECE87}.Release|Any CPU.ActiveCfg = Release|Any CPU
		{3436A7A0-F6EA-4643-BC66-7DA3F01ECE87}.Release|Any CPU.Build.0 = Release|Any CPU
		{9C0400B8-2C23-4402-BB6F-56B64478FFC9}.Debug|Any CPU.ActiveCfg = Debug|Any CPU
		{9C0400B8-2C23-4402-BB6F-56B64478FFC9}.Debug|Any CPU.Build.0 = Debug|Any CPU
		{9C0400B8-2C23-4402-BB6F-56B64478FFC9}.Release|Any CPU.ActiveCfg = Release|Any CPU
		{9C0400B8-2C23-4402-BB6F-56B64478FFC9}.Release|Any CPU.Build.0 = Release|Any CPU
		{D801DF75-A2EC-4D65-9329-A3452D4FA155}.Debug|Any CPU.ActiveCfg = Debug|Any CPU
		{D801DF75-A2EC-4D65-9329-A3452D4FA155}.Debug|Any CPU.Build.0 = Debug|Any CPU
		{D801DF75-A2EC-4D65-9329-A3452D4FA155}.Release|Any CPU.ActiveCfg = Release|Any CPU
		{D801DF75-A2EC-4D65-9329-A3452D4FA155}.Release|Any CPU.Build.0 = Release|Any CPU
		{B41DC957-AA9C-45AC-965D-89E105322C95}.Debug|Any CPU.ActiveCfg = Debug|Any CPU
		{B41DC957-AA9C-45AC-965D-89E105322C95}.Debug|Any CPU.Build.0 = Debug|Any CPU
		{B41DC957-AA9C-45AC-965D-89E105322C95}.Release|Any CPU.ActiveCfg = Release|Any CPU
		{B41DC957-AA9C-45AC-965D-89E105322C95}.Release|Any CPU.Build.0 = Release|Any CPU
		{BC1744E3-9CF9-44DA-999D-603DC990072E}.Debug|Any CPU.ActiveCfg = Debug|Any CPU
		{BC1744E3-9CF9-44DA-999D-603DC990072E}.Debug|Any CPU.Build.0 = Debug|Any CPU
		{BC1744E3-9CF9-44DA-999D-603DC990072E}.Release|Any CPU.ActiveCfg = Release|Any CPU
		{BC1744E3-9CF9-44DA-999D-603DC990072E}.Release|Any CPU.Build.0 = Release|Any CPU
	EndGlobalSection
	GlobalSection(SolutionProperties) = preSolution
		HideSolutionNode = FALSE
	EndGlobalSection
	GlobalSection(ExtensibilityGlobals) = postSolution
		SolutionGuid = {FC7AD1BA-4217-40BF-89C4-1107C1D8AE26}
	EndGlobalSection
EndGlobal
