
Microsoft Visual Studio Solution File, Format Version 12.00
# Visual Studio Version 16
VisualStudioVersion = 16.0.31112.23
MinimumVisualStudioVersion = 10.0.40219.1
Project("{FAE04EC0-301F-11D3-BF4B-00C04F79EFBC}") = "Runner", "Runner\Runner.csproj", "{CC739230-0F61-47A0-AC84-7E3E4455BC0B}"
EndProject
Global
	GlobalSection(SolutionConfigurationPlatforms) = preSolution
		Debug|Any CPU = Debug|Any CPU
		Release|Any CPU = Release|Any CPU
	EndGlobalSection
	GlobalSection(ProjectConfigurationPlatforms) = postSolution
		{CC739230-0F61-47A0-AC84-7E3E4455BC0B}.Debug|Any CPU.ActiveCfg = Debug|Any CPU
		{CC739230-0F61-47A0-AC84-7E3E4455BC0B}.Debug|Any CPU.Build.0 = Debug|Any CPU
		{CC739230-0F61-47A0-AC84-7E3E4455BC0B}.Release|Any CPU.ActiveCfg = Release|Any CPU
		{CC739230-0F61-47A0-AC84-7E3E4455BC0B}.Release|Any CPU.Build.0 = Release|Any CPU
	EndGlobalSection
	GlobalSection(SolutionProperties) = preSolution
		HideSolutionNode = FALSE
	EndGlobalSection
	GlobalSection(ExtensibilityGlobals) = postSolution
		SolutionGuid = {9648A5ED-C2C5-41F8-AC6F-A65D686D9C69}
	EndGlobalSection
EndGlobal
